github.com/marstr/collection/v2 v2.0.0 h1:a0J20uXTesrD0HaCd+EyvTJzs34KQwEDVw12nd9q9Bw=
github.com/marstr/collection/v2 v2.0.0/go.mod h1:53MC3XxVQ/rUxiNS4bZTvx5QJSWNgZMqPFMJomGKob4=
github.com/mitchellh/go-homedir v1.1.0 h1:lukF9ziXFxDFPkA1vsr5zpc1XuPDn/wFntq5mG+4E0Y=
github.com/mitchellh/go-homedir v1.1.0/go.mod h1:SfyaCUpYCn1Vlf4IUYiD9fPX4A5wJrkLzIz1N1q0pr0=
